
Microsoft Visual Studio Solution File, Format Version 12.00
# Visual Studio Version 17
VisualStudioVersion = 17.1.32210.238
MinimumVisualStudioVersion = 10.0.40219.1
Project("{FAE04EC0-301F-11D3-BF4B-00C04F79EFBC}") = "úkol do školy únor", "úkol do školy únor\úkol do školy únor.csproj", "{7072FD73-4394-4206-914B-4C70FFF9D196}"
EndProject
Global
	GlobalSection(SolutionConfigurationPlatforms) = preSolution
		Debug|Any CPU = Debug|Any CPU
		Release|Any CPU = Release|Any CPU
	EndGlobalSection
	GlobalSection(ProjectConfigurationPlatforms) = postSolution
		{7072FD73-4394-4206-914B-4C70FFF9D196}.Debug|Any CPU.ActiveCfg = Debug|Any CPU
		{7072FD73-4394-4206-914B-4C70FFF9D196}.Debug|Any CPU.Build.0 = Debug|Any CPU
		{7072FD73-4394-4206-914B-4C70FFF9D196}.Release|Any CPU.ActiveCfg = Release|Any CPU
		{7072FD73-4394-4206-914B-4C70FFF9D196}.Release|Any CPU.Build.0 = Release|Any CPU
	EndGlobalSection
	GlobalSection(SolutionProperties) = preSolution
		HideSolutionNode = FALSE
	EndGlobalSection
	GlobalSection(ExtensibilityGlobals) = postSolution
		SolutionGuid = {10C3C2F4-EB22-4407-8479-CFE2748BB4B6}
	EndGlobalSection
EndGlobal
